{
  "name": "maret-swe-training",
  "version": "1.0.0",
  "lockfileVersion": 2,
  "requires": true,
  "packages": {
    "": {
      "name": "maret-swe-training",
      "version": "1.0.0",
      "dependencies": {
        "@moebius/http-graceful-shutdown": "^1.1.0",
        "@types/node": "^14.14.31",
        "node-fetch": "^2.6.1"
      }
    },
    "node_modules/@moebius/http-graceful-shutdown": {
      "version": "1.1.0",
      "resolved": "https://registry.npmjs.org/@moebius/http-graceful-shutdown/-/http-graceful-shutdown-1.1.0.tgz",
      "integrity": "sha512-cjODgYTIGuCwgsuVMZNDh8RBK697ULAoQAmLqMVpqnqF3nOlPaJHqtGrdLooyn81l83wzHYwG6kPvEIv+Fo+sQ=="
    },
    "node_modules/@types/node": {
      "version": "14.14.31",
      "resolved": "https://registry.npmjs.org/@types/node/-/node-14.14.31.tgz",
      "integrity": "sha512-vFHy/ezP5qI0rFgJ7aQnjDXwAMrG0KqqIH7tQG5PPv3BWBayOPIQNBjVc/P6hhdZfMx51REc6tfDNXHUio893g=="
    },
    "node_modules/node-fetch": {
      "version": "2.6.1",
      "resolved": "https://registry.npmjs.org/node-fetch/-/node-fetch-2.6.1.tgz",
      "integrity": "sha512-V4aYg89jEoVRxRb2fJdAg8FHvI7cEyYdVAh94HH0UIK8oJxUfkjlDQN9RbMx+bEjP7+ggMiFRprSti032Oipxw==",
      "engines": {
        "node": "4.x || >=6.0.0"
      }
    }
  },
  "dependencies": {
    "@moebius/http-graceful-shutdown": {
      "version": "1.1.0",
      "resolved": "https://registry.npmjs.org/@moebius/http-graceful-shutdown/-/http-graceful-shutdown-1.1.0.tgz",
      "integrity": "sha512-cjODgYTIGuCwgsuVMZNDh8RBK697ULAoQAmLqMVpqnqF3nOlPaJHqtGrdLooyn81l83wzHYwG6kPvEIv+Fo+sQ=="
    },
    "@types/node": {
      "version": "14.14.31",
      "resolved": "https://registry.npmjs.org/@types/node/-/node-14.14.31.tgz",
      "integrity": "sha512-vFHy/ezP5qI0rFgJ7aQnjDXwAMrG0KqqIH7tQG5PPv3BWBayOPIQNBjVc/P6hhdZfMx51REc6tfDNXHUio893g=="
    },
    "node-fetch": {
      "version": "2.6.1",
      "resolved": "https://registry.npmjs.org/node-fetch/-/node-fetch-2.6.1.tgz",
      "integrity": "sha512-V4aYg89jEoVRxRb2fJdAg8FHvI7cEyYdVAh94HH0UIK8oJxUfkjlDQN9RbMx+bEjP7+ggMiFRprSti032Oipxw=="
    }
  }
}
